// !$*UTF8*$!
{
	archiveVersion = 1;
	classes = {
	};
	objectVersion = 46;
	objects = {

/* Begin PBXBuildFile section */
		CB38DF271DB8D45B004CC52A /* AppDelegate.swift in Sources */ = {isa = PBXBuildFile; fileRef = CB38DF261DB8D45B004CC52A /* AppDelegate.swift */; };
		CB38DF2F1DB8D45B004CC52A /* Cat_Caring.xcdatamodeld in Sources */ = {isa = PBXBuildFile; fileRef = CB38DF2D1DB8D45B004CC52A /* Cat_Caring.xcdatamodeld */; };
		CB38DF311DB8D45B004CC52A /* Assets.xcassets in Resources */ = {isa = PBXBuildFile; fileRef = CB38DF301DB8D45B004CC52A /* Assets.xcassets */; };
		CB38DF3F1DB8D45B004CC52A /* Cat_CaringTests.swift in Sources */ = {isa = PBXBuildFile; fileRef = CB38DF3E1DB8D45B004CC52A /* Cat_CaringTests.swift */; };
		CB38DF4A1DB8D45B004CC52A /* Cat_CaringUITests.swift in Sources */ = {isa = PBXBuildFile; fileRef = CB38DF491DB8D45B004CC52A /* Cat_CaringUITests.swift */; };
		CB3C0E421DB90531001463C8 /* Themes.swift in Sources */ = {isa = PBXBuildFile; fileRef = CB3C0E411DB90531001463C8 /* Themes.swift */; };
		CB3C0E441DB917F4001463C8 /* FoodIntakeTableViewCell.swift in Sources */ = {isa = PBXBuildFile; fileRef = CB3C0E431DB917F4001463C8 /* FoodIntakeTableViewCell.swift */; };
		CB3C0E471DB91878001463C8 /* FoodIntakeTableViewController.swift in Sources */ = {isa = PBXBuildFile; fileRef = CB3C0E461DB91878001463C8 /* FoodIntakeTableViewController.swift */; };
		CB3C0E4A1DB91C2B001463C8 /* ActivityLogTableViewCell.swift in Sources */ = {isa = PBXBuildFile; fileRef = CB3C0E491DB91C2B001463C8 /* ActivityLogTableViewCell.swift */; };
		CB3C0E4C1DB91C9E001463C8 /* ActivityLogTableViewController.swift in Sources */ = {isa = PBXBuildFile; fileRef = CB3C0E4B1DB91C9E001463C8 /* ActivityLogTableViewController.swift */; };
		CBAD1E721DCFD96600E3E94B /* DrawingImageView.swift in Sources */ = {isa = PBXBuildFile; fileRef = CBAD1E711DCFD96600E3E94B /* DrawingImageView.swift */; };
		CBAF02351DCDA98A009AB4B4 /* DataManager.swift in Sources */ = {isa = PBXBuildFile; fileRef = CBAF02341DCDA98A009AB4B4 /* DataManager.swift */; };
		CBAF023F1DCDD18E009AB4B4 /* RTCameraViewController.swift in Sources */ = {isa = PBXBuildFile; fileRef = CBAF023E1DCDD18E009AB4B4 /* RTCameraViewController.swift */; };
		CBB624BF1DCE297F000F0A17 /* Main.storyboard in Resources */ = {isa = PBXBuildFile; fileRef = CB38DF2A1DB8D45B004CC52A /* Main.storyboard */; };
		CBB624C01DCE2984000F0A17 /* LaunchScreen.storyboard in Resources */ = {isa = PBXBuildFile; fileRef = CB38DF321DB8D45B004CC52A /* LaunchScreen.storyboard */; };
		CBB624C81DCE29D3000F0A17 /* MjpegStreamingKit.framework in Frameworks */ = {isa = PBXBuildFile; fileRef = CBB624C71DCE29CD000F0A17 /* MjpegStreamingKit.framework */; };
		CBB624C91DCE2A01000F0A17 /* MjpegStreamingKit.framework in Frameworks */ = {isa = PBXBuildFile; fileRef = CBB624C71DCE29CD000F0A17 /* MjpegStreamingKit.framework */; };
		CBB624CA1DCE2A01000F0A17 /* MjpegStreamingKit.framework in Embed Frameworks */ = {isa = PBXBuildFile; fileRef = CBB624C71DCE29CD000F0A17 /* MjpegStreamingKit.framework */; settings = {ATTRIBUTES = (CodeSignOnCopy, RemoveHeadersOnCopy, ); }; };
/* End PBXBuildFile section */

/* Begin PBXContainerItemProxy section */
		CB38DF3B1DB8D45B004CC52A /* PBXContainerItemProxy */ = {
			isa = PBXContainerItemProxy;
			containerPortal = CB38DF1B1DB8D45B004CC52A /* Project object */;
			proxyType = 1;
			remoteGlobalIDString = CB38DF221DB8D45B004CC52A;
			remoteInfo = "Cat Caring";
		};
		CB38DF461DB8D45B004CC52A /* PBXContainerItemProxy */ = {
			isa = PBXContainerItemProxy;
			containerPortal = CB38DF1B1DB8D45B004CC52A /* Project object */;
			proxyType = 1;
			remoteGlobalIDString = CB38DF221DB8D45B004CC52A;
			remoteInfo = "Cat Caring";
		};
		CBB624C61DCE29CD000F0A17 /* PBXContainerItemProxy */ = {
			isa = PBXContainerItemProxy;
			containerPortal = CBB624C21DCE29CD000F0A17 /* MjpegStreamingKit.xcodeproj */;
			proxyType = 2;
			remoteGlobalIDString = 1A2AEA0C1CA9A43A0047FC82;
			remoteInfo = MjpegStreamingKit;
		};
		CBB624CB1DCE2A01000F0A17 /* PBXContainerItemProxy */ = {
			isa = PBXContainerItemProxy;
			containerPortal = CBB624C21DCE29CD000F0A17 /* MjpegStreamingKit.xcodeproj */;
			proxyType = 1;
			remoteGlobalIDString = 1A2AEA0B1CA9A43A0047FC82;
			remoteInfo = MjpegStreamingKit;
		};
/* End PBXContainerItemProxy section */

/* Begin PBXCopyFilesBuildPhase section */
		CBB624CD1DCE2A01000F0A17 /* Embed Frameworks */ = {
			isa = PBXCopyFilesBuildPhase;
			buildActionMask = 2147483647;
			dstPath = "";
			dstSubfolderSpec = 10;
			files = (
				CBB624CA1DCE2A01000F0A17 /* MjpegStreamingKit.framework in Embed Frameworks */,
			);
			name = "Embed Frameworks";
			runOnlyForDeploymentPostprocessing = 0;
		};
/* End PBXCopyFilesBuildPhase section */

/* Begin PBXFileReference section */
		CB38DF231DB8D45B004CC52A /* Cat Caring.app */ = {isa = PBXFileReference; explicitFileType = wrapper.application; includeInIndex = 0; path = "Cat Caring.app"; sourceTree = BUILT_PRODUCTS_DIR; };
		CB38DF261DB8D45B004CC52A /* AppDelegate.swift */ = {isa = PBXFileReference; lastKnownFileType = sourcecode.swift; path = AppDelegate.swift; sourceTree = "<group>"; };
		CB38DF2B1DB8D45B004CC52A /* Base */ = {isa = PBXFileReference; lastKnownFileType = file.storyboard; name = Base; path = Base.lproj/Main.storyboard; sourceTree = "<group>"; };
		CB38DF2E1DB8D45B004CC52A /* Cat_Caring.xcdatamodel */ = {isa = PBXFileReference; lastKnownFileType = wrapper.xcdatamodel; path = Cat_Caring.xcdatamodel; sourceTree = "<group>"; };
		CB38DF301DB8D45B004CC52A /* Assets.xcassets */ = {isa = PBXFileReference; lastKnownFileType = folder.assetcatalog; path = Assets.xcassets; sourceTree = "<group>"; };
		CB38DF331DB8D45B004CC52A /* Base */ = {isa = PBXFileReference; lastKnownFileType = file.storyboard; name = Base; path = Base.lproj/LaunchScreen.storyboard; sourceTree = "<group>"; };
		CB38DF351DB8D45B004CC52A /* Info.plist */ = {isa = PBXFileReference; lastKnownFileType = text.plist.xml; path = Info.plist; sourceTree = "<group>"; };
		CB38DF3A1DB8D45B004CC52A /* Cat CaringTests.xctest */ = {isa = PBXFileReference; explicitFileType = wrapper.cfbundle; includeInIndex = 0; path = "Cat CaringTests.xctest"; sourceTree = BUILT_PRODUCTS_DIR; };
		CB38DF3E1DB8D45B004CC52A /* Cat_CaringTests.swift */ = {isa = PBXFileReference; lastKnownFileType = sourcecode.swift; path = Cat_CaringTests.swift; sourceTree = "<group>"; };
		CB38DF401DB8D45B004CC52A /* Info.plist */ = {isa = PBXFileReference; lastKnownFileType = text.plist.xml; path = Info.plist; sourceTree = "<group>"; };
		CB38DF451DB8D45B004CC52A /* Cat CaringUITests.xctest */ = {isa = PBXFileReference; explicitFileType = wrapper.cfbundle; includeInIndex = 0; path = "Cat CaringUITests.xctest"; sourceTree = BUILT_PRODUCTS_DIR; };
		CB38DF491DB8D45B004CC52A /* Cat_CaringUITests.swift */ = {isa = PBXFileReference; lastKnownFileType = sourcecode.swift; path = Cat_CaringUITests.swift; sourceTree = "<group>"; };
		CB38DF4B1DB8D45B004CC52A /* Info.plist */ = {isa = PBXFileReference; lastKnownFileType = text.plist.xml; path = Info.plist; sourceTree = "<group>"; };
		CB3C0E411DB90531001463C8 /* Themes.swift */ = {isa = PBXFileReference; fileEncoding = 4; lastKnownFileType = sourcecode.swift; path = Themes.swift; sourceTree = "<group>"; };
		CB3C0E431DB917F4001463C8 /* FoodIntakeTableViewCell.swift */ = {isa = PBXFileReference; fileEncoding = 4; lastKnownFileType = sourcecode.swift; path = FoodIntakeTableViewCell.swift; sourceTree = "<group>"; };
		CB3C0E461DB91878001463C8 /* FoodIntakeTableViewController.swift */ = {isa = PBXFileReference; fileEncoding = 4; lastKnownFileType = sourcecode.swift; path = FoodIntakeTableViewController.swift; sourceTree = "<group>"; };
		CB3C0E491DB91C2B001463C8 /* ActivityLogTableViewCell.swift */ = {isa = PBXFileReference; fileEncoding = 4; lastKnownFileType = sourcecode.swift; path = ActivityLogTableViewCell.swift; sourceTree = "<group>"; };
		CB3C0E4B1DB91C9E001463C8 /* ActivityLogTableViewController.swift */ = {isa = PBXFileReference; fileEncoding = 4; lastKnownFileType = sourcecode.swift; path = ActivityLogTableViewController.swift; sourceTree = "<group>"; };
		CBAD1E711DCFD96600E3E94B /* DrawingImageView.swift */ = {isa = PBXFileReference; fileEncoding = 4; lastKnownFileType = sourcecode.swift; path = DrawingImageView.swift; sourceTree = "<group>"; };
		CBAF02341DCDA98A009AB4B4 /* DataManager.swift */ = {isa = PBXFileReference; fileEncoding = 4; lastKnownFileType = sourcecode.swift; path = DataManager.swift; sourceTree = "<group>"; };
		CBAF023E1DCDD18E009AB4B4 /* RTCameraViewController.swift */ = {isa = PBXFileReference; fileEncoding = 4; lastKnownFileType = sourcecode.swift; path = RTCameraViewController.swift; sourceTree = "<group>"; };
		CBB624C21DCE29CD000F0A17 /* MjpegStreamingKit.xcodeproj */ = {isa = PBXFileReference; lastKnownFileType = "wrapper.pb-project"; name = MjpegStreamingKit.xcodeproj; path = "MjpegStreamingKit-master/MjpegStreamingKit.xcodeproj"; sourceTree = "<group>"; };
/* End PBXFileReference section */

/* Begin PBXFrameworksBuildPhase section */
		CB38DF201DB8D45B004CC52A /* Frameworks */ = {
			isa = PBXFrameworksBuildPhase;
			buildActionMask = 2147483647;
			files = (
				CBB624C91DCE2A01000F0A17 /* MjpegStreamingKit.framework in Frameworks */,
				CBB624C81DCE29D3000F0A17 /* MjpegStreamingKit.framework in Frameworks */,
			);
			runOnlyForDeploymentPostprocessing = 0;
		};
		CB38DF371DB8D45B004CC52A /* Frameworks */ = {
			isa = PBXFrameworksBuildPhase;
			buildActionMask = 2147483647;
			files = (
			);
			runOnlyForDeploymentPostprocessing = 0;
		};
		CB38DF421DB8D45B004CC52A /* Frameworks */ = {
			isa = PBXFrameworksBuildPhase;
			buildActionMask = 2147483647;
			files = (
			);
			runOnlyForDeploymentPostprocessing = 0;
		};
/* End PBXFrameworksBuildPhase section */

/* Begin PBXGroup section */
		CB38DF1A1DB8D45B004CC52A = {
			isa = PBXGroup;
			children = (
				CB38DF251DB8D45B004CC52A /* Cat Caring */,
				CB38DF3D1DB8D45B004CC52A /* Cat CaringTests */,
				CB38DF481DB8D45B004CC52A /* Cat CaringUITests */,
				CB38DF241DB8D45B004CC52A /* Products */,
				CBB624C11DCE29CD000F0A17 /* Frameworks */,
			);
			sourceTree = "<group>";
		};
		CB38DF241DB8D45B004CC52A /* Products */ = {
			isa = PBXGroup;
			children = (
				CB38DF231DB8D45B004CC52A /* Cat Caring.app */,
				CB38DF3A1DB8D45B004CC52A /* Cat CaringTests.xctest */,
				CB38DF451DB8D45B004CC52A /* Cat CaringUITests.xctest */,
			);
			name = Products;
			sourceTree = "<group>";
		};
		CB38DF251DB8D45B004CC52A /* Cat Caring */ = {
			isa = PBXGroup;
			children = (
				CB38DF321DB8D45B004CC52A /* LaunchScreen.storyboard */,
				CB38DF2A1DB8D45B004CC52A /* Main.storyboard */,
				CB38DF261DB8D45B004CC52A /* AppDelegate.swift */,
				CB3C0E481DB9187B001463C8 /* View Controllers */,
				CB3C0E451DB917F8001463C8 /* Table Cells */,
				CBAD1E711DCFD96600E3E94B /* DrawingImageView.swift */,
				CB3C0E411DB90531001463C8 /* Themes.swift */,
				CB38DF301DB8D45B004CC52A /* Assets.xcassets */,
				CB38DF351DB8D45B004CC52A /* Info.plist */,
				CB38DF2D1DB8D45B004CC52A /* Cat_Caring.xcdatamodeld */,
			);
			path = "Cat Caring";
			sourceTree = "<group>";
		};
		CB38DF3D1DB8D45B004CC52A /* Cat CaringTests */ = {
			isa = PBXGroup;
			children = (
				CB38DF3E1DB8D45B004CC52A /* Cat_CaringTests.swift */,
				CB38DF401DB8D45B004CC52A /* Info.plist */,
			);
			path = "Cat CaringTests";
			sourceTree = "<group>";
		};
		CB38DF481DB8D45B004CC52A /* Cat CaringUITests */ = {
			isa = PBXGroup;
			children = (
				CB38DF491DB8D45B004CC52A /* Cat_CaringUITests.swift */,
				CB38DF4B1DB8D45B004CC52A /* Info.plist */,
			);
			path = "Cat CaringUITests";
			sourceTree = "<group>";
		};
		CB3C0E451DB917F8001463C8 /* Table Cells */ = {
			isa = PBXGroup;
			children = (
				CB3C0E431DB917F4001463C8 /* FoodIntakeTableViewCell.swift */,
				CB3C0E491DB91C2B001463C8 /* ActivityLogTableViewCell.swift */,
			);
			name = "Table Cells";
			sourceTree = "<group>";
		};
		CB3C0E481DB9187B001463C8 /* View Controllers */ = {
			isa = PBXGroup;
			children = (
				CB3C0E461DB91878001463C8 /* FoodIntakeTableViewController.swift */,
				CB3C0E4B1DB91C9E001463C8 /* ActivityLogTableViewController.swift */,
				CBAF02341DCDA98A009AB4B4 /* DataManager.swift */,
				CBAF023E1DCDD18E009AB4B4 /* RTCameraViewController.swift */,
			);
			name = "View Controllers";
			sourceTree = "<group>";
		};
		CBB624C11DCE29CD000F0A17 /* Frameworks */ = {
			isa = PBXGroup;
			children = (
				CBB624C21DCE29CD000F0A17 /* MjpegStreamingKit.xcodeproj */,
			);
			name = Frameworks;
			sourceTree = "<group>";
		};
		CBB624C31DCE29CD000F0A17 /* Products */ = {
			isa = PBXGroup;
			children = (
				CBB624C71DCE29CD000F0A17 /* MjpegStreamingKit.framework */,
			);
			name = Products;
			sourceTree = "<group>";
		};
/* End PBXGroup section */

/* Begin PBXNativeTarget section */
		CB38DF221DB8D45B004CC52A /* Cat Caring */ = {
			isa = PBXNativeTarget;
			buildConfigurationList = CB38DF4E1DB8D45B004CC52A /* Build configuration list for PBXNativeTarget "Cat Caring" */;
			buildPhases = (
				CB38DF1F1DB8D45B004CC52A /* Sources */,
				CB38DF201DB8D45B004CC52A /* Frameworks */,
				CB38DF211DB8D45B004CC52A /* Resources */,
				CBB624CD1DCE2A01000F0A17 /* Embed Frameworks */,
			);
			buildRules = (
			);
			dependencies = (
				CBB624CC1DCE2A01000F0A17 /* PBXTargetDependency */,
			);
			name = "Cat Caring";
			productName = "Cat Caring";
			productReference = CB38DF231DB8D45B004CC52A /* Cat Caring.app */;
			productType = "com.apple.product-type.application";
		};
		CB38DF391DB8D45B004CC52A /* Cat CaringTests */ = {
			isa = PBXNativeTarget;
			buildConfigurationList = CB38DF511DB8D45B004CC52A /* Build configuration list for PBXNativeTarget "Cat CaringTests" */;
			buildPhases = (
				CB38DF361DB8D45B004CC52A /* Sources */,
				CB38DF371DB8D45B004CC52A /* Frameworks */,
				CB38DF381DB8D45B004CC52A /* Resources */,
			);
			buildRules = (
			);
			dependencies = (
				CB38DF3C1DB8D45B004CC52A /* PBXTargetDependency */,
			);
			name = "Cat CaringTests";
			productName = "Cat CaringTests";
			productReference = CB38DF3A1DB8D45B004CC52A /* Cat CaringTests.xctest */;
			productType = "com.apple.product-type.bundle.unit-test";
		};
		CB38DF441DB8D45B004CC52A /* Cat CaringUITests */ = {
			isa = PBXNativeTarget;
			buildConfigurationList = CB38DF541DB8D45B004CC52A /* Build configuration list for PBXNativeTarget "Cat CaringUITests" */;
			buildPhases = (
				CB38DF411DB8D45B004CC52A /* Sources */,
				CB38DF421DB8D45B004CC52A /* Frameworks */,
				CB38DF431DB8D45B004CC52A /* Resources */,
			);
			buildRules = (
			);
			dependencies = (
				CB38DF471DB8D45B004CC52A /* PBXTargetDependency */,
			);
			name = "Cat CaringUITests";
			productName = "Cat CaringUITests";
			productReference = CB38DF451DB8D45B004CC52A /* Cat CaringUITests.xctest */;
			productType = "com.apple.product-type.bundle.ui-testing";
		};
/* End PBXNativeTarget section */

/* Begin PBXProject section */
		CB38DF1B1DB8D45B004CC52A /* Project object */ = {
			isa = PBXProject;
			attributes = {
				LastSwiftUpdateCheck = 0730;
				LastUpgradeCheck = 0730;
				ORGANIZATIONNAME = "Jack N. Archer";
				TargetAttributes = {
					CB38DF221DB8D45B004CC52A = {
						CreatedOnToolsVersion = 7.3.1;
						DevelopmentTeam = 8M8NTHUJ3Q;
						LastSwiftMigration = 0800;
					};
					CB38DF391DB8D45B004CC52A = {
						CreatedOnToolsVersion = 7.3.1;
						DevelopmentTeam = 8M8NTHUJ3Q;
						LastSwiftMigration = 0800;
						TestTargetID = CB38DF221DB8D45B004CC52A;
					};
					CB38DF441DB8D45B004CC52A = {
						CreatedOnToolsVersion = 7.3.1;
						DevelopmentTeam = 8M8NTHUJ3Q;
						LastSwiftMigration = 0800;
						TestTargetID = CB38DF221DB8D45B004CC52A;
					};
				};
			};
			buildConfigurationList = CB38DF1E1DB8D45B004CC52A /* Build configuration list for PBXProject "Cat Caring" */;
			compatibilityVersion = "Xcode 3.2";
			developmentRegion = English;
			hasScannedForEncodings = 0;
			knownRegions = (
				en,
				Base,
			);
			mainGroup = CB38DF1A1DB8D45B004CC52A;
			productRefGroup = CB38DF241DB8D45B004CC52A /* Products */;
			projectDirPath = "";
			projectReferences = (
				{
					ProductGroup = CBB624C31DCE29CD000F0A17 /* Products */;
					ProjectRef = CBB624C21DCE29CD000F0A17 /* MjpegStreamingKit.xcodeproj */;
				},
			);
			projectRoot = "";
			targets = (
				CB38DF221DB8D45B004CC52A /* Cat Caring */,
				CB38DF391DB8D45B004CC52A /* Cat CaringTests */,
				CB38DF441DB8D45B004CC52A /* Cat CaringUITests */,
			);
		};
/* End PBXProject section */

/* Begin PBXReferenceProxy section */
		CBB624C71DCE29CD000F0A17 /* MjpegStreamingKit.framework */ = {
			isa = PBXReferenceProxy;
			fileType = wrapper.framework;
			path = MjpegStreamingKit.framework;
			remoteRef = CBB624C61DCE29CD000F0A17 /* PBXContainerItemProxy */;
			sourceTree = BUILT_PRODUCTS_DIR;
		};
/* End PBXReferenceProxy section */

/* Begin PBXResourcesBuildPhase section */
		CB38DF211DB8D45B004CC52A /* Resources */ = {
			isa = PBXResourcesBuildPhase;
			buildActionMask = 2147483647;
			files = (
				CBB624C01DCE2984000F0A17 /* LaunchScreen.storyboard in Resources */,
				CBB624BF1DCE297F000F0A17 /* Main.storyboard in Resources */,
				CB38DF311DB8D45B004CC52A /* Assets.xcassets in Resources */,
			);
			runOnlyForDeploymentPostprocessing = 0;
		};
		CB38DF381DB8D45B004CC52A /* Resources */ = {
			isa = PBXResourcesBuildPhase;
			buildActionMask = 2147483647;
			files = (
			);
			runOnlyForDeploymentPostprocessing = 0;
		};
		CB38DF431DB8D45B004CC52A /* Resources */ = {
			isa = PBXResourcesBuildPhase;
			buildActionMask = 2147483647;
			files = (
			);
			runOnlyForDeploymentPostprocessing = 0;
		};
/* End PBXResourcesBuildPhase section */

/* Begin PBXSourcesBuildPhase section */
		CB38DF1F1DB8D45B004CC52A /* Sources */ = {
			isa = PBXSourcesBuildPhase;
			buildActionMask = 2147483647;
			files = (
				CB3C0E4C1DB91C9E001463C8 /* ActivityLogTableViewController.swift in Sources */,
				CBAF02351DCDA98A009AB4B4 /* DataManager.swift in Sources */,
				CBAF023F1DCDD18E009AB4B4 /* RTCameraViewController.swift in Sources */,
				CB38DF271DB8D45B004CC52A /* AppDelegate.swift in Sources */,
				CB3C0E421DB90531001463C8 /* Themes.swift in Sources */,
				CBAD1E721DCFD96600E3E94B /* DrawingImageView.swift in Sources */,
				CB3C0E471DB91878001463C8 /* FoodIntakeTableViewController.swift in Sources */,
				CB38DF2F1DB8D45B004CC52A /* Cat_Caring.xcdatamodeld in Sources */,
				CB3C0E441DB917F4001463C8 /* FoodIntakeTableViewCell.swift in Sources */,
				CB3C0E4A1DB91C2B001463C8 /* ActivityLogTableViewCell.swift in Sources */,
			);
			runOnlyForDeploymentPostprocessing = 0;
		};
		CB38DF361DB8D45B004CC52A /* Sources */ = {
			isa = PBXSourcesBuildPhase;
			buildActionMask = 2147483647;
			files = (
				CB38DF3F1DB8D45B004CC52A /* Cat_CaringTests.swift in Sources */,
			);
			runOnlyForDeploymentPostprocessing = 0;
		};
		CB38DF411DB8D45B004CC52A /* Sources */ = {
			isa = PBXSourcesBuildPhase;
			buildActionMask = 2147483647;
			files = (
				CB38DF4A1DB8D45B004CC52A /* Cat_CaringUITests.swift in Sources */,
			);
			runOnlyForDeploymentPostprocessing = 0;
		};
/* End PBXSourcesBuildPhase section */

/* Begin PBXTargetDependency section */
		CB38DF3C1DB8D45B004CC52A /* PBXTargetDependency */ = {
			isa = PBXTargetDependency;
			target = CB38DF221DB8D45B004CC52A /* Cat Caring */;
			targetProxy = CB38DF3B1DB8D45B004CC52A /* PBXContainerItemProxy */;
		};
		CB38DF471DB8D45B004CC52A /* PBXTargetDependency */ = {
			isa = PBXTargetDependency;
			target = CB38DF221DB8D45B004CC52A /* Cat Caring */;
			targetProxy = CB38DF461DB8D45B004CC52A /* PBXContainerItemProxy */;
		};
		CBB624CC1DCE2A01000F0A17 /* PBXTargetDependency */ = {
			isa = PBXTargetDependency;
			name = MjpegStreamingKit;
			targetProxy = CBB624CB1DCE2A01000F0A17 /* PBXContainerItemProxy */;
		};
/* End PBXTargetDependency section */

/* Begin PBXVariantGroup section */
		CB38DF2A1DB8D45B004CC52A /* Main.storyboard */ = {
			isa = PBXVariantGroup;
			children = (
				CB38DF2B1DB8D45B004CC52A /* Base */,
			);
			name = Main.storyboard;
			sourceTree = "<group>";
		};
		CB38DF321DB8D45B004CC52A /* LaunchScreen.storyboard */ = {
			isa = PBXVariantGroup;
			children = (
				CB38DF331DB8D45B004CC52A /* Base */,
			);
			name = LaunchScreen.storyboard;
			sourceTree = "<group>";
		};
/* End PBXVariantGroup section */

/* Begin XCBuildConfiguration section */
		CB38DF4C1DB8D45B004CC52A /* Debug */ = {
			isa = XCBuildConfiguration;
			buildSettings = {
				ALWAYS_SEARCH_USER_PATHS = NO;
				CLANG_ANALYZER_NONNULL = YES;
				CLANG_CXX_LANGUAGE_STANDARD = "gnu++0x";
				CLANG_CXX_LIBRARY = "libc++";
				CLANG_ENABLE_MODULES = YES;
				CLANG_ENABLE_OBJC_ARC = YES;
				CLANG_WARN_BOOL_CONVERSION = YES;
				CLANG_WARN_CONSTANT_CONVERSION = YES;
				CLANG_WARN_DIRECT_OBJC_ISA_USAGE = YES_ERROR;
				CLANG_WARN_EMPTY_BODY = YES;
				CLANG_WARN_ENUM_CONVERSION = YES;
				CLANG_WARN_INT_CONVERSION = YES;
				CLANG_WARN_OBJC_ROOT_CLASS = YES_ERROR;
				CLANG_WARN_UNREACHABLE_CODE = YES;
				CLANG_WARN__DUPLICATE_METHOD_MATCH = YES;
				"CODE_SIGN_IDENTITY[sdk=iphoneos*]" = "iPhone Developer";
				COPY_PHASE_STRIP = NO;
				DEBUG_INFORMATION_FORMAT = dwarf;
				ENABLE_STRICT_OBJC_MSGSEND = YES;
				ENABLE_TESTABILITY = YES;
				GCC_C_LANGUAGE_STANDARD = gnu99;
				GCC_DYNAMIC_NO_PIC = NO;
				GCC_NO_COMMON_BLOCKS = YES;
				GCC_OPTIMIZATION_LEVEL = 0;
				GCC_PREPROCESSOR_DEFINITIONS = (
					"DEBUG=1",
					"$(inherited)",
				);
				GCC_WARN_64_TO_32_BIT_CONVERSION = YES;
				GCC_WARN_ABOUT_RETURN_TYPE = YES_ERROR;
				GCC_WARN_UNDECLARED_SELECTOR = YES;
				GCC_WARN_UNINITIALIZED_AUTOS = YES_AGGRESSIVE;
				GCC_WARN_UNUSED_FUNCTION = YES;
				GCC_WARN_UNUSED_VARIABLE = YES;
				IPHONEOS_DEPLOYMENT_TARGET = 9.3;
				MTL_ENABLE_DEBUG_INFO = YES;
				ONLY_ACTIVE_ARCH = YES;
				SDKROOT = iphoneos;
				SWIFT_OPTIMIZATION_LEVEL = "-Onone";
				TARGETED_DEVICE_FAMILY = "1,2";
			};
			name = Debug;
		};
		CB38DF4D1DB8D45B004CC52A /* Release */ = {
			isa = XCBuildConfiguration;
			buildSettings = {
				ALWAYS_SEARCH_USER_PATHS = NO;
				CLANG_ANALYZER_NONNULL = YES;
				CLANG_CXX_LANGUAGE_STANDARD = "gnu++0x";
				CLANG_CXX_LIBRARY = "libc++";
				CLANG_ENABLE_MODULES = YES;
				CLANG_ENABLE_OBJC_ARC = YES;
				CLANG_WARN_BOOL_CONVERSION = YES;
				CLANG_WARN_CONSTANT_CONVERSION = YES;
				CLANG_WARN_DIRECT_OBJC_ISA_USAGE = YES_ERROR;
				CLANG_WARN_EMPTY_BODY = YES;
				CLANG_WARN_ENUM_CONVERSION = YES;
				CLANG_WARN_INT_CONVERSION = YES;
				CLANG_WARN_OBJC_ROOT_CLASS = YES_ERROR;
				CLANG_WARN_UNREACHABLE_CODE = YES;
				CLANG_WARN__DUPLICATE_METHOD_MATCH = YES;
				"CODE_SIGN_IDENTITY[sdk=iphoneos*]" = "iPhone Developer";
				COPY_PHASE_STRIP = NO;
				DEBUG_INFORMATION_FORMAT = "dwarf-with-dsym";
				ENABLE_NS_ASSERTIONS = NO;
				ENABLE_STRICT_OBJC_MSGSEND = YES;
				GCC_C_LANGUAGE_STANDARD = gnu99;
				GCC_NO_COMMON_BLOCKS = YES;
				GCC_WARN_64_TO_32_BIT_CONVERSION = YES;
				GCC_WARN_ABOUT_RETURN_TYPE = YES_ERROR;
				GCC_WARN_UNDECLARED_SELECTOR = YES;
				GCC_WARN_UNINITIALIZED_AUTOS = YES_AGGRESSIVE;
				GCC_WARN_UNUSED_FUNCTION = YES;
				GCC_WARN_UNUSED_VARIABLE = YES;
				IPHONEOS_DEPLOYMENT_TARGET = 9.3;
				MTL_ENABLE_DEBUG_INFO = NO;
				SDKROOT = iphoneos;
				TARGETED_DEVICE_FAMILY = "1,2";
				VALIDATE_PRODUCT = YES;
			};
			name = Release;
		};
		CB38DF4F1DB8D45B004CC52A /* Debug */ = {
			isa = XCBuildConfiguration;
			buildSettings = {
				ALWAYS_EMBED_SWIFT_STANDARD_LIBRARIES = YES;
				ASSETCATALOG_COMPILER_APPICON_NAME = AppIcon;
				EMBED_ASSET_PACKS_IN_PRODUCT_BUNDLE = NO;
				FRAMEWORK_SEARCH_PATHS = (
					"$(inherited)",
					"$(PROJECT_DIR)",
				);
				INFOPLIST_FILE = "Cat Caring/Info.plist";
				LD_RUNPATH_SEARCH_PATHS = "$(inherited) @executable_path/Frameworks";
				PRODUCT_BUNDLE_IDENTIFIER = "ztia23.Cat-Caring";
				PRODUCT_NAME = "$(TARGET_NAME)";
				SWIFT_VERSION = 3.0;
			};
			name = Debug;
		};
		CB38DF501DB8D45B004CC52A /* Release */ = {
			isa = XCBuildConfiguration;
			buildSettings = {
				ALWAYS_EMBED_SWIFT_STANDARD_LIBRARIES = YES;
				ASSETCATALOG_COMPILER_APPICON_NAME = AppIcon;
				EMBED_ASSET_PACKS_IN_PRODUCT_BUNDLE = NO;
				FRAMEWORK_SEARCH_PATHS = (
					"$(inherited)",
					"$(PROJECT_DIR)",
				);
				INFOPLIST_FILE = "Cat Caring/Info.plist";
				LD_RUNPATH_SEARCH_PATHS = "$(inherited) @executable_path/Frameworks";
				PRODUCT_BUNDLE_IDENTIFIER = "ztia23.Cat-Caring";
				PRODUCT_NAME = "$(TARGET_NAME)";
				SWIFT_VERSION = 3.0;
			};
			name = Release;
		};
		CB38DF521DB8D45B004CC52A /* Debug */ = {
			isa = XCBuildConfiguration;
			buildSettings = {
				BUNDLE_LOADER = "$(TEST_HOST)";
				INFOPLIST_FILE = "Cat CaringTests/Info.plist";
				LD_RUNPATH_SEARCH_PATHS = "$(inherited) @executable_path/Frameworks @loader_path/Frameworks";
				PRODUCT_BUNDLE_IDENTIFIER = "ztia23.Cat-CaringTests";
				PRODUCT_NAME = "$(TARGET_NAME)";
				SWIFT_VERSION = 3.0;
				TEST_HOST = "$(BUILT_PRODUCTS_DIR)/Cat Caring.app/Cat Caring";
			};
			name = Debug;
		};
		CB38DF531DB8D45B004CC52A /* Release */ = {
			isa = XCBuildConfiguration;
			buildSettings = {
				BUNDLE_LOADER = "$(TEST_HOST)";
				INFOPLIST_FILE = "Cat CaringTests/Info.plist";
				LD_RUNPATH_SEARCH_PATHS = "$(inherited) @executable_path/Frameworks @loader_path/Frameworks";
				PRODUCT_BUNDLE_IDENTIFIER = "ztia23.Cat-CaringTests";
				PRODUCT_NAME = "$(TARGET_NAME)";
				SWIFT_VERSION = 3.0;
				TEST_HOST = "$(BUILT_PRODUCTS_DIR)/Cat Caring.app/Cat Caring";
			};
			name = Release;
		};
		CB38DF551DB8D45B004CC52A /* Debug */ = {
			isa = XCBuildConfiguration;
			buildSettings = {
				INFOPLIST_FILE = "Cat CaringUITests/Info.plist";
				LD_RUNPATH_SEARCH_PATHS = "$(inherited) @executable_path/Frameworks @loader_path/Frameworks";
				PRODUCT_BUNDLE_IDENTIFIER = "ztia23.Cat-CaringUITests";
				PRODUCT_NAME = "$(TARGET_NAME)";
				SWIFT_VERSION = 3.0;
				TEST_TARGET_NAME = "Cat Caring";
			};
			name = Debug;
		};
		CB38DF561DB8D45B004CC52A /* Release */ = {
			isa = XCBuildConfiguration;
			buildSettings = {
				INFOPLIST_FILE = "Cat CaringUITests/Info.plist";
				LD_RUNPATH_SEARCH_PATHS = "$(inherited) @executable_path/Frameworks @loader_path/Frameworks";
				PRODUCT_BUNDLE_IDENTIFIER = "ztia23.Cat-CaringUITests";
				PRODUCT_NAME = "$(TARGET_NAME)";
				SWIFT_VERSION = 3.0;
				TEST_TARGET_NAME = "Cat Caring";
			};
			name = Release;
		};
/* End XCBuildConfiguration section */

/* Begin XCConfigurationList section */
		CB38DF1E1DB8D45B004CC52A /* Build configuration list for PBXProject "Cat Caring" */ = {
			isa = XCConfigurationList;
			buildConfigurations = (
				CB38DF4C1DB8D45B004CC52A /* Debug */,
				CB38DF4D1DB8D45B004CC52A /* Release */,
			);
			defaultConfigurationIsVisible = 0;
			defaultConfigurationName = Release;
		};
		CB38DF4E1DB8D45B004CC52A /* Build configuration list for PBXNativeTarget "Cat Caring" */ = {
			isa = XCConfigurationList;
			buildConfigurations = (
				CB38DF4F1DB8D45B004CC52A /* Debug */,
				CB38DF501DB8D45B004CC52A /* Release */,
			);
			defaultConfigurationIsVisible = 0;
			defaultConfigurationName = Release;
		};
		CB38DF511DB8D45B004CC52A /* Build configuration list for PBXNativeTarget "Cat CaringTests" */ = {
			isa = XCConfigurationList;
			buildConfigurations = (
				CB38DF521DB8D45B004CC52A /* Debug */,
				CB38DF531DB8D45B004CC52A /* Release */,
			);
			defaultConfigurationIsVisible = 0;
			defaultConfigurationName = Release;
		};
		CB38DF541DB8D45B004CC52A /* Build configuration list for PBXNativeTarget "Cat CaringUITests" */ = {
			isa = XCConfigurationList;
			buildConfigurations = (
				CB38DF551DB8D45B004CC52A /* Debug */,
				CB38DF561DB8D45B004CC52A /* Release */,
			);
			defaultConfigurationIsVisible = 0;
			defaultConfigurationName = Release;
		};
/* End XCConfigurationList section */

/* Begin XCVersionGroup section */
		CB38DF2D1DB8D45B004CC52A /* Cat_Caring.xcdatamodeld */ = {
			isa = XCVersionGroup;
			children = (
				CB38DF2E1DB8D45B004CC52A /* Cat_Caring.xcdatamodel */,
			);
			currentVersion = CB38DF2E1DB8D45B004CC52A /* Cat_Caring.xcdatamodel */;
			path = Cat_Caring.xcdatamodeld;
			sourceTree = "<group>";
			versionGroupType = wrapper.xcdatamodel;
		};
/* End XCVersionGroup section */
	};
	rootObject = CB38DF1B1DB8D45B004CC52A /* Project object */;
}
